
Microsoft Visual Studio Solution File, Format Version 12.00
# Visual Studio Version 17
VisualStudioVersion = 17.8.34525.116
MinimumVisualStudioVersion = 10.0.40219.1
Project("{FAE04EC0-301F-11D3-BF4B-00C04F79EFBC}") = "form_ejercicio13_asignatura_y_profesor", "form_ejercicio13_asignatura_y_profesor\form_ejercicio13_asignatura_y_profesor.csproj", "{7B0FE24A-E4EF-4208-BCB7-B73FFD5DA7EB}"
EndProject
Global
	GlobalSection(SolutionConfigurationPlatforms) = preSolution
		Debug|Any CPU = Debug|Any CPU
		Release|Any CPU = Release|Any CPU
	EndGlobalSection
	GlobalSection(ProjectConfigurationPlatforms) = postSolution
		{7B0FE24A-E4EF-4208-BCB7-B73FFD5DA7EB}.Debug|Any CPU.ActiveCfg = Debug|Any CPU
		{7B0FE24A-E4EF-4208-BCB7-B73FFD5DA7EB}.Debug|Any CPU.Build.0 = Debug|Any CPU
		{7B0FE24A-E4EF-4208-BCB7-B73FFD5DA7EB}.Release|Any CPU.ActiveCfg = Release|Any CPU
		{7B0FE24A-E4EF-4208-BCB7-B73FFD5DA7EB}.Release|Any CPU.Build.0 = Release|Any CPU
	EndGlobalSection
	GlobalSection(SolutionProperties) = preSolution
		HideSolutionNode = FALSE
	EndGlobalSection
	GlobalSection(ExtensibilityGlobals) = postSolution
		SolutionGuid = {F2BB8CE4-5240-4158-A13B-7C9C05601A9B}
	EndGlobalSection
EndGlobal
